Microsoft Visual Studio Solution File, Format Version 12.00
# Visual Studio Version 17
VisualStudioVersion = 17.5.2.0
MinimumVisualStudioVersion = 10.0.40219.1
Project("{FAE04EC0-301F-11D3-BF4B-00C04F79EFBC}") = "ExamenU2Mario", "ExamenU2Mario\ExamenU2Mario.csproj", "{164DA26C-ACD2-A6F5-E992-E637EA5FA960}"
EndProject
Global
	GlobalSection(SolutionConfigurationPlatforms) = preSolution
		Debug|Any CPU = Debug|Any CPU
		Release|Any CPU = Release|Any CPU
	EndGlobalSection
	GlobalSection(ProjectConfigurationPlatforms) = postSolution
		{164DA26C-ACD2-A6F5-E992-E637EA5FA960}.Debug|Any CPU.ActiveCfg = Debug|Any CPU
		{164DA26C-ACD2-A6F5-E992-E637EA5FA960}.Debug|Any CPU.Build.0 = Debug|Any CPU
		{164DA26C-ACD2-A6F5-E992-E637EA5FA960}.Release|Any CPU.ActiveCfg = Release|Any CPU
		{164DA26C-ACD2-A6F5-E992-E637EA5FA960}.Release|Any CPU.Build.0 = Release|Any CPU
	EndGlobalSection
	GlobalSection(SolutionProperties) = preSolution
		HideSolutionNode = FALSE
	EndGlobalSection
	GlobalSection(ExtensibilityGlobals) = postSolution
		SolutionGuid = {A8C735AC-29C4-46A6-AC4E-3885212D4C7C}
	EndGlobalSection
EndGlobal
